
Microsoft Visual Studio Solution File, Format Version 12.00
# Visual Studio 15
VisualStudioVersion = 15.0.27703.2047
MinimumVisualStudioVersion = 10.0.40219.1
Project("{9A19103F-16F7-4668-BE54-9A1E7A4F7556}") = "PTrust.Services.ShapeManagerRouter", "PTrust.Services.ShapeManagerRouter\PTrust.Services.ShapeManagerRouter.csproj", "{04CD2CEF-E3C9-4D39-B289-EDC00EE891C6}"
EndProject
Project("{FAE04EC0-301F-11D3-BF4B-00C04F79EFBC}") = "PTrust.LogMessages", "PTrust.LogMessages\PTrust.LogMessages.csproj", "{01FBC268-A67E-4A64-BBB9-B6F381A8D8F1}"
EndProject
Project("{FAE04EC0-301F-11D3-BF4B-00C04F79EFBC}") = "PTrust.ShapeManagerRouter.Test", "PTrust.ShapeManagerRouter.Test\PTrust.ShapeManagerRouter.Test.csproj", "{DE68D050-BD20-4288-8A36-DDAE0A2FBA50}"
EndProject
Global
	GlobalSection(SolutionConfigurationPlatforms) = preSolution
		Debug|Any CPU = Debug|Any CPU
		Release|Any CPU = Release|Any CPU
	EndGlobalSection
	GlobalSection(ProjectConfigurationPlatforms) = postSolution
		{04CD2CEF-E3C9-4D39-B289-EDC00EE891C6}.Debug|Any CPU.ActiveCfg = Debug|Any CPU
		{04CD2CEF-E3C9-4D39-B289-EDC00EE891C6}.Debug|Any CPU.Build.0 = Debug|Any CPU
		{04CD2CEF-E3C9-4D39-B289-EDC00EE891C6}.Release|Any CPU.ActiveCfg = Release|Any CPU
		{04CD2CEF-E3C9-4D39-B289-EDC00EE891C6}.Release|Any CPU.Build.0 = Release|Any CPU
		{01FBC268-A67E-4A64-BBB9-B6F381A8D8F1}.Debug|Any CPU.ActiveCfg = Debug|Any CPU
		{01FBC268-A67E-4A64-BBB9-B6F381A8D8F1}.Debug|Any CPU.Build.0 = Debug|Any CPU
		{01FBC268-A67E-4A64-BBB9-B6F381A8D8F1}.Release|Any CPU.ActiveCfg = Release|Any CPU
		{01FBC268-A67E-4A64-BBB9-B6F381A8D8F1}.Release|Any CPU.Build.0 = Release|Any CPU
		{DE68D050-BD20-4288-8A36-DDAE0A2FBA50}.Debug|Any CPU.ActiveCfg = Debug|Any CPU
		{DE68D050-BD20-4288-8A36-DDAE0A2FBA50}.Debug|Any CPU.Build.0 = Debug|Any CPU
		{DE68D050-BD20-4288-8A36-DDAE0A2FBA50}.Release|Any CPU.ActiveCfg = Release|Any CPU
		{DE68D050-BD20-4288-8A36-DDAE0A2FBA50}.Release|Any CPU.Build.0 = Release|Any CPU
	EndGlobalSection
	GlobalSection(SolutionProperties) = preSolution
		HideSolutionNode = FALSE
	EndGlobalSection
	GlobalSection(ExtensibilityGlobals) = postSolution
		SolutionGuid = {76FBC433-35FC-46E2-B9E8-F679C28F15A3}
	EndGlobalSection
EndGlobal
